# This file is automatically @generated by Cargo.
# It is not intended for manual editing.
[[package]]
name = "ac-library-rs"
version = "0.1.0"
source = "git+https://github.com/rust-lang-ja/ac-library-rs#19509cd5103313b884f89b3001510d5155bbb4db"

[[package]]
name = "competitive_rust_libraries"
version = "0.1.0"
dependencies = [
 "ac-library-rs",
]
